
Microsoft Visual Studio Solution File, Format Version 12.00
# Visual Studio Version 16
VisualStudioVersion = 16.0.30717.126
MinimumVisualStudioVersion = 10.0.40219.1
Project("{FAE04EC0-301F-11D3-BF4B-00C04F79EFBC}") = "ECommerce", "ECommerce.csproj", "{A3939473-036F-4785-9C33-BFB531E2E2F5}"
EndProject
Global
	GlobalSection(SolutionConfigurationPlatforms) = preSolution
		Debug|Any CPU = Debug|Any CPU
		Release|Any CPU = Release|Any CPU
	EndGlobalSection
	GlobalSection(ProjectConfigurationPlatforms) = postSolution
		{A3939473-036F-4785-9C33-BFB531E2E2F5}.Debug|Any CPU.ActiveCfg = Debug|Any CPU
		{A3939473-036F-4785-9C33-BFB531E2E2F5}.Debug|Any CPU.Build.0 = Debug|Any CPU
		{A3939473-036F-4785-9C33-BFB531E2E2F5}.Release|Any CPU.ActiveCfg = Release|Any CPU
		{A3939473-036F-4785-9C33-BFB531E2E2F5}.Release|Any CPU.Build.0 = Release|Any CPU
	EndGlobalSection
	GlobalSection(SolutionProperties) = preSolution
		HideSolutionNode = FALSE
	EndGlobalSection
	GlobalSection(ExtensibilityGlobals) = postSolution
		SolutionGuid = {62152FFF-C0F4-41C0-B387-753A5A672ECC}
	EndGlobalSection
EndGlobal
